
Microsoft Visual Studio Solution File, Format Version 12.00
# Visual Studio Version 16
VisualStudioVersion = 16.0.30611.23
MinimumVisualStudioVersion = 10.0.40219.1
Project("{FAE04EC0-301F-11D3-BF4B-00C04F79EFBC}") = "SnowSoftWithSpecflow", "SnowSoftWithSpecflow.csproj", "{0DE9F9FF-6DF4-4F93-8E01-6064560E8307}"
EndProject
Global
	GlobalSection(SolutionConfigurationPlatforms) = preSolution
		Debug|Any CPU = Debug|Any CPU
		Release|Any CPU = Release|Any CPU
	EndGlobalSection
	GlobalSection(ProjectConfigurationPlatforms) = postSolution
		{0DE9F9FF-6DF4-4F93-8E01-6064560E8307}.Debug|Any CPU.ActiveCfg = Debug|Any CPU
		{0DE9F9FF-6DF4-4F93-8E01-6064560E8307}.Debug|Any CPU.Build.0 = Debug|Any CPU
		{0DE9F9FF-6DF4-4F93-8E01-6064560E8307}.Release|Any CPU.ActiveCfg = Release|Any CPU
		{0DE9F9FF-6DF4-4F93-8E01-6064560E8307}.Release|Any CPU.Build.0 = Release|Any CPU
	EndGlobalSection
	GlobalSection(SolutionProperties) = preSolution
		HideSolutionNode = FALSE
	EndGlobalSection
	GlobalSection(ExtensibilityGlobals) = postSolution
		SolutionGuid = {91C73D65-C516-4819-AB40-8EC9DDEB01D1}
	EndGlobalSection
EndGlobal
